
Microsoft Visual Studio Solution File, Format Version 12.00
# Visual Studio Version 17
VisualStudioVersion = 17.4.33205.214
MinimumVisualStudioVersion = 10.0.40219.1
Project("{FAE04EC0-301F-11D3-BF4B-00C04F79EFBC}") = "AntiVirus", "AntiVirus\AntiVirus.csproj", "{C5ACDB30-CCDE-45E5-88F1-C4E26F1089FD}"
EndProject
Global
	GlobalSection(SolutionConfigurationPlatforms) = preSolution
		Debug|Any CPU = Debug|Any CPU
		Release|Any CPU = Release|Any CPU
	EndGlobalSection
	GlobalSection(ProjectConfigurationPlatforms) = postSolution
		{C5ACDB30-CCDE-45E5-88F1-C4E26F1089FD}.Debug|Any CPU.ActiveCfg = Debug|Any CPU
		{C5ACDB30-CCDE-45E5-88F1-C4E26F1089FD}.Debug|Any CPU.Build.0 = Debug|Any CPU
		{C5ACDB30-CCDE-45E5-88F1-C4E26F1089FD}.Release|Any CPU.ActiveCfg = Release|Any CPU
		{C5ACDB30-CCDE-45E5-88F1-C4E26F1089FD}.Release|Any CPU.Build.0 = Release|Any CPU
	EndGlobalSection
	GlobalSection(SolutionProperties) = preSolution
		HideSolutionNode = FALSE
	EndGlobalSection
	GlobalSection(ExtensibilityGlobals) = postSolution
		SolutionGuid = {57C55EFC-6A84-4177-AE54-340EE3D123C4}
	EndGlobalSection
EndGlobal
